
Microsoft Visual Studio Solution File, Format Version 12.00
# Visual Studio Version 17
VisualStudioVersion = 17.8.34525.116
MinimumVisualStudioVersion = 10.0.40219.1
Project("{2150E333-8FDC-42A3-9474-1A3956D46DE8}") = "src", "src", "{A5257730-A1D8-4CB4-83B5-EE301DBB3BF4}"
EndProject
Project("{2150E333-8FDC-42A3-9474-1A3956D46DE8}") = "tests", "tests", "{20E1B8E8-DD24-4B5F-983E-7B2ACA65ED91}"
EndProject
Project("{FAE04EC0-301F-11D3-BF4B-00C04F79EFBC}") = "Auction.API", "src\Auction.API\Auction.API.csproj", "{66D690EC-1BAB-4B4B-BEF5-626DC6973B1F}"
EndProject
Global
	GlobalSection(SolutionConfigurationPlatforms) = preSolution
		Debug|Any CPU = Debug|Any CPU
		Release|Any CPU = Release|Any CPU
	EndGlobalSection
	GlobalSection(ProjectConfigurationPlatforms) = postSolution
		{66D690EC-1BAB-4B4B-BEF5-626DC6973B1F}.Debug|Any CPU.ActiveCfg = Debug|Any CPU
		{66D690EC-1BAB-4B4B-BEF5-626DC6973B1F}.Debug|Any CPU.Build.0 = Debug|Any CPU
		{66D690EC-1BAB-4B4B-BEF5-626DC6973B1F}.Release|Any CPU.ActiveCfg = Release|Any CPU
		{66D690EC-1BAB-4B4B-BEF5-626DC6973B1F}.Release|Any CPU.Build.0 = Release|Any CPU
	EndGlobalSection
	GlobalSection(SolutionProperties) = preSolution
		HideSolutionNode = FALSE
	EndGlobalSection
	GlobalSection(NestedProjects) = preSolution
		{66D690EC-1BAB-4B4B-BEF5-626DC6973B1F} = {A5257730-A1D8-4CB4-83B5-EE301DBB3BF4}
	EndGlobalSection
	GlobalSection(ExtensibilityGlobals) = postSolution
		SolutionGuid = {7D1E94A9-635B-44A4-B45B-9A91C637EC85}
	EndGlobalSection
EndGlobal
